
Microsoft Visual Studio Solution File, Format Version 12.00
# Visual Studio Version 17
VisualStudioVersion = 17.6.33829.357
MinimumVisualStudioVersion = 10.0.40219.1
Project("{8BC9CEB8-8B4A-11D0-8D11-00A0C91BC942}") = "SampleSFML", "SampleSFML.vcxproj", "{6F7F91FD-D048-4316-87FC-BA234EEE5CD5}"
EndProject
Project("{2150E333-8FDC-42A3-9474-1A3956D46DE8}") = "Resources", "Resources", "{14426F5F-B8B0-4794-B202-8CFCCA596835}"
EndProject
Global
	GlobalSection(SolutionConfigurationPlatforms) = preSolution
		Debug|x64 = Debug|x64
		Debug|x86 = Debug|x86
		Release|x64 = Release|x64
		Release|x86 = Release|x86
	EndGlobalSection
	GlobalSection(ProjectConfigurationPlatforms) = postSolution
		{6F7F91FD-D048-4316-87FC-BA234EEE5CD5}.Debug|x64.ActiveCfg = Debug|x64
		{6F7F91FD-D048-4316-87FC-BA234EEE5CD5}.Debug|x64.Build.0 = Debug|x64
		{6F7F91FD-D048-4316-87FC-BA234EEE5CD5}.Debug|x86.ActiveCfg = Debug|Win32
		{6F7F91FD-D048-4316-87FC-BA234EEE5CD5}.Debug|x86.Build.0 = Debug|Win32
		{6F7F91FD-D048-4316-87FC-BA234EEE5CD5}.Release|x64.ActiveCfg = Release|x64
		{6F7F91FD-D048-4316-87FC-BA234EEE5CD5}.Release|x64.Build.0 = Release|x64
		{6F7F91FD-D048-4316-87FC-BA234EEE5CD5}.Release|x86.ActiveCfg = Release|Win32
		{6F7F91FD-D048-4316-87FC-BA234EEE5CD5}.Release|x86.Build.0 = Release|Win32
	EndGlobalSection
	GlobalSection(SolutionProperties) = preSolution
		HideSolutionNode = FALSE
	EndGlobalSection
	GlobalSection(ExtensibilityGlobals) = postSolution
		SolutionGuid = {F0501092-E971-4CD7-901A-3BFD5199BEFC}
	EndGlobalSection
EndGlobal
